[{<<"ssl_verify_hostname">>,
  {git,"https://github.com/benoitc/ssl_verify_hostname",
       {ref,"3e7179789603057e3ec1867802c74c7bf6f8528a"}},
  1},
 {<<"idna">>,
  {git,"https://github.com/benoitc/erlang-idna",
       {ref,"5089240e653ce254273da9cff57952a60b1d2c51"}},
  1},
 {<<"jsx">>,
  {git,"git://github.com/talentdeficit/jsx.git",
       {ref,"8f62b3adf112f282fefffb905ef16af6c1b189e2"}},
  0},
 {<<"hackney">>,
  {git,"git://github.com/benoitc/hackney.git",
       {ref,"384a30b28a2db6ae645d9eba09e2884830044e53"}},
  0}].
